
Microsoft Visual Studio Solution File, Format Version 12.00
# Visual Studio Version 16
VisualStudioVersion = 16.0.30011.22
MinimumVisualStudioVersion = 10.0.40219.1
Project("{9A19103F-16F7-4668-BE54-9A1E7A4F7556}") = "GL.GestionVentas.App", "GL.GestionVentas.App\GL.GestionVentas.App.csproj", "{54831407-F78F-41BC-8763-E645714BD76C}"
EndProject
Project("{9A19103F-16F7-4668-BE54-9A1E7A4F7556}") = "GL.GestionVentas.Entities", "GL.GestionVentas.Entities\GL.GestionVentas.Entities.csproj", "{3F376654-903B-4B19-8F4C-87709DB65B06}"
EndProject
Project("{9A19103F-16F7-4668-BE54-9A1E7A4F7556}") = "GL.GestionVentas.Business", "GL.GestionVentas.Business\GL.GestionVentas.Business.csproj", "{5C58D796-D541-4BFE-BA43-892F75EEE34D}"
EndProject
Project("{FAE04EC0-301F-11D3-BF4B-00C04F79EFBC}") = "GL.GestionVentas.Repositories", "GL.GestionVentas.Repositories\GL.GestionVentas.Repositories.csproj", "{EFBAEE2E-C570-4FD4-B04F-0C8A986AD7B4}"
EndProject
Global
	GlobalSection(SolutionConfigurationPlatforms) = preSolution
		Debug|Any CPU = Debug|Any CPU
		Release|Any CPU = Release|Any CPU
	EndGlobalSection
	GlobalSection(ProjectConfigurationPlatforms) = postSolution
		{54831407-F78F-41BC-8763-E645714BD76C}.Debug|Any CPU.ActiveCfg = Debug|Any CPU
		{54831407-F78F-41BC-8763-E645714BD76C}.Debug|Any CPU.Build.0 = Debug|Any CPU
		{54831407-F78F-41BC-8763-E645714BD76C}.Release|Any CPU.ActiveCfg = Release|Any CPU
		{54831407-F78F-41BC-8763-E645714BD76C}.Release|Any CPU.Build.0 = Release|Any CPU
		{3F376654-903B-4B19-8F4C-87709DB65B06}.Debug|Any CPU.ActiveCfg = Debug|Any CPU
		{3F376654-903B-4B19-8F4C-87709DB65B06}.Debug|Any CPU.Build.0 = Debug|Any CPU
		{3F376654-903B-4B19-8F4C-87709DB65B06}.Release|Any CPU.ActiveCfg = Release|Any CPU
		{3F376654-903B-4B19-8F4C-87709DB65B06}.Release|Any CPU.Build.0 = Release|Any CPU
		{5C58D796-D541-4BFE-BA43-892F75EEE34D}.Debug|Any CPU.ActiveCfg = Debug|Any CPU
		{5C58D796-D541-4BFE-BA43-892F75EEE34D}.Debug|Any CPU.Build.0 = Debug|Any CPU
		{5C58D796-D541-4BFE-BA43-892F75EEE34D}.Release|Any CPU.ActiveCfg = Release|Any CPU
		{5C58D796-D541-4BFE-BA43-892F75EEE34D}.Release|Any CPU.Build.0 = Release|Any CPU
		{EFBAEE2E-C570-4FD4-B04F-0C8A986AD7B4}.Debug|Any CPU.ActiveCfg = Debug|Any CPU
		{EFBAEE2E-C570-4FD4-B04F-0C8A986AD7B4}.Debug|Any CPU.Build.0 = Debug|Any CPU
		{EFBAEE2E-C570-4FD4-B04F-0C8A986AD7B4}.Release|Any CPU.ActiveCfg = Release|Any CPU
		{EFBAEE2E-C570-4FD4-B04F-0C8A986AD7B4}.Release|Any CPU.Build.0 = Release|Any CPU
	EndGlobalSection
	GlobalSection(SolutionProperties) = preSolution
		HideSolutionNode = FALSE
	EndGlobalSection
	GlobalSection(ExtensibilityGlobals) = postSolution
		SolutionGuid = {4F69B9FE-D3C3-4BE3-A433-8DC1806D5044}
	EndGlobalSection
EndGlobal
